
Microsoft Visual Studio Solution File, Format Version 12.00
# Visual Studio Version 17
VisualStudioVersion = 17.8.34330.188
MinimumVisualStudioVersion = 10.0.40219.1
Project("{FAE04EC0-301F-11D3-BF4B-00C04F79EFBC}") = "CurrencyConverter", "CurrencyConverter\CurrencyConverter.csproj", "{09AC21D4-11E9-499E-A1AD-6E7AE8E54899}"
EndProject
Global
	GlobalSection(SolutionConfigurationPlatforms) = preSolution
		Debug|Any CPU = Debug|Any CPU
		Release|Any CPU = Release|Any CPU
	EndGlobalSection
	GlobalSection(ProjectConfigurationPlatforms) = postSolution
		{09AC21D4-11E9-499E-A1AD-6E7AE8E54899}.Debug|Any CPU.ActiveCfg = Debug|Any CPU
		{09AC21D4-11E9-499E-A1AD-6E7AE8E54899}.Debug|Any CPU.Build.0 = Debug|Any CPU
		{09AC21D4-11E9-499E-A1AD-6E7AE8E54899}.Release|Any CPU.ActiveCfg = Release|Any CPU
		{09AC21D4-11E9-499E-A1AD-6E7AE8E54899}.Release|Any CPU.Build.0 = Release|Any CPU
	EndGlobalSection
	GlobalSection(SolutionProperties) = preSolution
		HideSolutionNode = FALSE
	EndGlobalSection
	GlobalSection(ExtensibilityGlobals) = postSolution
		SolutionGuid = {E49720CA-F351-4CD5-ACD5-BD30564F2043}
	EndGlobalSection
EndGlobal
